{
  "requires": true,
  "lockfileVersion": 1,
  "dependencies": {
    "@aws-cdk/aws-cloudwatch": {
      "version": "1.47.0",
      "resolved": "https://registry.npmjs.org/@aws-cdk/aws-cloudwatch/-/aws-cloudwatch-1.47.0.tgz",
      "integrity": "sha512-1hEI7E7x9rOFnd3DocA/QL7QKNaLfhRV8jtrY/+pCEdS3gGBInLzfbkzibK/bpzwi/Ikv1fihx+j7G/Q944v9g==",
      "requires": {
        "@aws-cdk/aws-iam": "1.47.0",
        "@aws-cdk/core": "1.47.0",
        "constructs": "^3.0.2"
      }
    },
    "@aws-cdk/aws-events": {
      "version": "1.47.0",
      "resolved": "https://registry.npmjs.org/@aws-cdk/aws-events/-/aws-events-1.47.0.tgz",
      "integrity": "sha512-Okw4FTF1UVewOlXUnA0MOT+Ug3eQ2dntjBTig0s7XpB2JwWEHdCVVkeybgze+3vV9htoxsGQghiMm2o4efs56A==",
      "requires": {
        "@aws-cdk/aws-iam": "1.47.0",
        "@aws-cdk/core": "1.47.0",
        "constructs": "^3.0.2"
      }
    },
    "@aws-cdk/aws-iam": {
      "version": "1.47.0",
      "resolved": "https://registry.npmjs.org/@aws-cdk/aws-iam/-/aws-iam-1.47.0.tgz",
      "integrity": "sha512-gqs9Z63qCo3PuR3ORAS8ZahDPLBNFXJypfKEUJ4FNDXH0Co/bmICtnFawQa9N9Cqhrdd935x2r9FH02M26/WnA==",
      "requires": {
        "@aws-cdk/core": "1.47.0",
        "@aws-cdk/region-info": "1.47.0",
        "constructs": "^3.0.2"
      }
    },
    "@aws-cdk/aws-kms": {
      "version": "1.47.0",
      "resolved": "https://registry.npmjs.org/@aws-cdk/aws-kms/-/aws-kms-1.47.0.tgz",
      "integrity": "sha512-+g5NZHI6zLADftfo9SDIAWphHc88CSm7RYTTZ6b7eVOGZK5kYxYHPdU/YXaTIi74h3d8KTyC5dXVpXb1B5sIOw==",
      "requires": {
        "@aws-cdk/aws-iam": "1.47.0",
        "@aws-cdk/core": "1.47.0",
        "constructs": "^3.0.2"
      }
    },
    "@aws-cdk/aws-sns": {
      "version": "1.47.0",
      "resolved": "https://registry.npmjs.org/@aws-cdk/aws-sns/-/aws-sns-1.47.0.tgz",
      "integrity": "sha512-L6dk87X80cN9laxUVH7pzWRHde1M5maOpR8iUNJtTB5UtltDnw+B/5PLm/SI6IT1m8vT2dwntPIc+h6Q3IVbsQ==",
      "requires": {
        "@aws-cdk/aws-cloudwatch": "1.47.0",
        "@aws-cdk/aws-events": "1.47.0",
        "@aws-cdk/aws-iam": "1.47.0",
        "@aws-cdk/aws-kms": "1.47.0",
        "@aws-cdk/aws-sqs": "1.47.0",
        "@aws-cdk/core": "1.47.0",
        "constructs": "^3.0.2"
      }
    },
    "@aws-cdk/aws-sqs": {
      "version": "1.47.0",
      "resolved": "https://registry.npmjs.org/@aws-cdk/aws-sqs/-/aws-sqs-1.47.0.tgz",
      "integrity": "sha512-1JknoY/DRh/PP+mPcD7q4M/mD8GFVlTtmpWaiB6FUbs/Mfi6PbJGEBT3BDXic2t9U+twfP6ZF2Fxf6aLuTREFA==",
      "requires": {
        "@aws-cdk/aws-cloudwatch": "1.47.0",
        "@aws-cdk/aws-iam": "1.47.0",
        "@aws-cdk/aws-kms": "1.47.0",
        "@aws-cdk/core": "1.47.0",
        "constructs": "^3.0.2"
      }
    },
    "@aws-cdk/cloud-assembly-schema": {
      "version": "1.47.0",
      "resolved": "https://registry.npmjs.org/@aws-cdk/cloud-assembly-schema/-/cloud-assembly-schema-1.47.0.tgz",
      "integrity": "sha512-tlTCInqxS8eyztSraZxVdT+VnNX2EUNPifFNH5EOFUBCXo/18Ae/TgDl2XoioEurUha4Zvyepy7KscXMuGQY9Q==",
      "requires": {
        "jsonschema": "^1.2.5",
        "semver": "^7.2.2"
      },
      "dependencies": {
        "jsonschema": {
          "version": "1.2.6",
          "bundled": true
        },
        "semver": {
          "version": "7.3.2",
          "bundled": true
        }
      }
    },
    "@aws-cdk/core": {
      "version": "1.47.0",
      "resolved": "https://registry.npmjs.org/@aws-cdk/core/-/core-1.47.0.tgz",
      "integrity": "sha512-HgJlGLugaS0TbLMZ5hRmKdxfJk/GCu6LoQT60+3oisbSXTZDo1KCtlQaGYiR+4u/EVG5QIzUUKQpoQEwl/sEVg==",
      "requires": {
        "@aws-cdk/cloud-assembly-schema": "1.47.0",
        "@aws-cdk/cx-api": "1.47.0",
        "constructs": "^3.0.2",
        "fs-extra": "^9.0.1",
        "minimatch": "^3.0.4"
      },
      "dependencies": {
        "at-least-node": {
          "version": "1.0.0",
          "bundled": true
        },
        "balanced-match": {
          "version": "1.0.0",
          "bundled": true
        },
        "brace-expansion": {
          "version": "1.1.11",
          "bundled": true,
          "requires": {
            "balanced-match": "^1.0.0",
            "concat-map": "0.0.1"
          }
        },
        "concat-map": {
          "version": "0.0.1",
          "bundled": true
        },
        "fs-extra": {
          "version": "9.0.1",
          "bundled": true,
          "requires": {
            "at-least-node": "^1.0.0",
            "graceful-fs": "^4.2.0",
            "jsonfile": "^6.0.1",
            "universalify": "^1.0.0"
          }
        },
        "graceful-fs": {
          "version": "4.2.4",
          "bundled": true
        },
        "jsonfile": {
          "version": "6.0.1",
          "bundled": true,
          "requires": {
            "graceful-fs": "^4.1.6",
            "universalify": "^1.0.0"
          }
        },
        "minimatch": {
          "version": "3.0.4",
          "bundled": true,
          "requires": {
            "brace-expansion": "^1.1.7"
          }
        },
        "universalify": {
          "version": "1.0.0",
          "bundled": true
        }
      }
    },
    "@aws-cdk/cx-api": {
      "version": "1.47.0",
      "resolved": "https://registry.npmjs.org/@aws-cdk/cx-api/-/cx-api-1.47.0.tgz",
      "integrity": "sha512-2VCRaA1LWOa/QoXuPEe+2efs5VsbF9U7mFL5DGUYv5NcOGD9MZY+t3xmrVh4ng7+shyI5XZxviSdAeqPPCgaVQ==",
      "requires": {
        "@aws-cdk/cloud-assembly-schema": "1.47.0",
        "semver": "^7.2.2"
      },
      "dependencies": {
        "semver": {
          "version": "7.3.2",
          "bundled": true
        }
      }
    },
    "@aws-cdk/region-info": {
      "version": "1.47.0",
      "resolved": "https://registry.npmjs.org/@aws-cdk/region-info/-/region-info-1.47.0.tgz",
      "integrity": "sha512-yfHKzHp7ZfCRzT34O7qskbsT6cymhVKZ0EoeXfBm27/O+5Qd7WH9qSPhRBICL/rwB3wY/s7fe5synRhajOH4Pg=="
    },
    "constructs": {
      "version": "3.0.4",
      "resolved": "https://registry.npmjs.org/constructs/-/constructs-3.0.4.tgz",
      "integrity": "sha512-CDvg7gMjphE3DFX4pzkF6j73NREbR8npPFW8Mx/CLRnMR035+Y1o1HrXIsNSss/dq3ZUnNTU9jKyd3fL9EOlfw=="
    }
  }
}
